
Microsoft Visual Studio Solution File, Format Version 12.00
# Visual Studio Version 16
VisualStudioVersion = 16.0.30523.141
MinimumVisualStudioVersion = 10.0.40219.1
Project("{2150E333-8FDC-42A3-9474-1A3956D46DE8}") = "0 - Presentation", "0 - Presentation", "{9D23795B-5EF1-4709-AB34-D000745DB758}"
EndProject
Project("{FAE04EC0-301F-11D3-BF4B-00C04F79EFBC}") = "AR.Apresentacao", "AR.Apresentacao\AR.Apresentacao.csproj", "{422DFD2A-BF2D-4D13-B20C-62661486F611}"
EndProject
Global
	GlobalSection(SolutionConfigurationPlatforms) = preSolution
		Debug|Any CPU = Debug|Any CPU
		Release|Any CPU = Release|Any CPU
	EndGlobalSection
	GlobalSection(ProjectConfigurationPlatforms) = postSolution
		{422DFD2A-BF2D-4D13-B20C-62661486F611}.Debug|Any CPU.ActiveCfg = Debug|Any CPU
		{422DFD2A-BF2D-4D13-B20C-62661486F611}.Debug|Any CPU.Build.0 = Debug|Any CPU
		{422DFD2A-BF2D-4D13-B20C-62661486F611}.Release|Any CPU.ActiveCfg = Release|Any CPU
		{422DFD2A-BF2D-4D13-B20C-62661486F611}.Release|Any CPU.Build.0 = Release|Any CPU
	EndGlobalSection
	GlobalSection(SolutionProperties) = preSolution
		HideSolutionNode = FALSE
	EndGlobalSection
	GlobalSection(NestedProjects) = preSolution
		{422DFD2A-BF2D-4D13-B20C-62661486F611} = {9D23795B-5EF1-4709-AB34-D000745DB758}
	EndGlobalSection
	GlobalSection(ExtensibilityGlobals) = postSolution
		SolutionGuid = {FC28748A-64BA-4FD4-A446-BB7B9B3616BC}
	EndGlobalSection
EndGlobal
